PODS:
  - FlutterMacOS (1.0.0)
  - tahoe_effects (0.0.1):
    - FlutterMacOS

DEPENDENCIES:
  - FlutterMacOS (from `Flutter/ephemeral`)
  - tahoe_effects (from `Flutter/ephemeral/.symlinks/plugins/tahoe_effects/macos`)

EXTERNAL SOURCES:
  FlutterMacOS:
    :path: Flutter/ephemeral
  tahoe_effects:
    :path: Flutter/ephemeral/.symlinks/plugins/tahoe_effects/macos

SPEC CHECKSUMS:
  FlutterMacOS: 8f6f14fa908a6fb3fba0cd85dbd81ec4b251fb24
  tahoe_effects: 2bd2de4939f44e2777e48c82698ff9c90c61e174

PODFILE CHECKSUM: 54d867c82ac51cbd61b565781b9fada492027009

COCOAPODS: 1.16.2
